
Microsoft Visual Studio Solution File, Format Version 12.00
# Visual Studio Version 17
VisualStudioVersion = 17.7.34202.233
MinimumVisualStudioVersion = 10.0.40219.1
Project("{FAE04EC0-301F-11D3-BF4B-00C04F79EFBC}") = "weeeeeee", "weeeeeee\weeeeeee.csproj", "{90A77B82-03C1-4E74-B055-5ED38CC9D93A}"
EndProject
Global
	GlobalSection(SolutionConfigurationPlatforms) = preSolution
		Debug|Any CPU = Debug|Any CPU
		Release|Any CPU = Release|Any CPU
	EndGlobalSection
	GlobalSection(ProjectConfigurationPlatforms) = postSolution
		{90A77B82-03C1-4E74-B055-5ED38CC9D93A}.Debug|Any CPU.ActiveCfg = Debug|Any CPU
		{90A77B82-03C1-4E74-B055-5ED38CC9D93A}.Debug|Any CPU.Build.0 = Debug|Any CPU
		{90A77B82-03C1-4E74-B055-5ED38CC9D93A}.Release|Any CPU.ActiveCfg = Release|Any CPU
		{90A77B82-03C1-4E74-B055-5ED38CC9D93A}.Release|Any CPU.Build.0 = Release|Any CPU
	EndGlobalSection
	GlobalSection(SolutionProperties) = preSolution
		HideSolutionNode = FALSE
	EndGlobalSection
	GlobalSection(ExtensibilityGlobals) = postSolution
		SolutionGuid = {D22F8F1B-B31C-4291-BC9A-E50EAD1716B9}
	EndGlobalSection
EndGlobal
